
Microsoft Visual Studio Solution File, Format Version 12.00
# Visual Studio 2013
VisualStudioVersion = 12.0.30723.0
MinimumVisualStudioVersion = 10.0.40219.1
Project("{FAE04EC0-301F-11D3-BF4B-00C04F79EFBC}") = "CStarter.SDK", "ServiceStarter.Common\CStarter.SDK.csproj", "{14CC9BDE-5C81-4A57-81AD-52AFACA929EE}"
EndProject
Project("{FAE04EC0-301F-11D3-BF4B-00C04F79EFBC}") = "CStarter", "ServiceStarter\CStarter.csproj", "{948885EC-D95C-41EF-B372-E1037F74DA23}"
EndProject
Project("{FAE04EC0-301F-11D3-BF4B-00C04F79EFBC}") = "CStarter.OptionsSharp", "OptionsSharp\CStarter.OptionsSharp.csproj", "{07D7ABD0-A981-46D1-B9D2-CD51959F64BA}"
EndProject
Project("{FAE04EC0-301F-11D3-BF4B-00C04F79EFBC}") = "CStarter.Configuration", "ServiceStarter.Configuration\CStarter.Configuration.csproj", "{DFBC072F-8CDB-4C0E-BCBC-454D56239AA1}"
EndProject
Project("{FAE04EC0-301F-11D3-BF4B-00C04F79EFBC}") = "CStarterD", "ServiceStarterd\CStarterD.csproj", "{0BE8E0D5-17ED-47B9-B1B8-43C4CFC8D021}"
EndProject
Project("{FAE04EC0-301F-11D3-BF4B-00C04F79EFBC}") = "CStarter.Utils", "ServiceStarter.Utils\CStarter.Utils.csproj", "{65DA1447-9696-4D67-BC6C-A4AAA1354A9F}"
EndProject
Project("{FAE04EC0-301F-11D3-BF4B-00C04F79EFBC}") = "CStarterD.Common", "ServiceStarterd.Common\CStarterD.Common.csproj", "{7C7D8E11-CCC3-4DE9-BEB0-262071D11E7B}"
EndProject
Project("{FAE04EC0-301F-11D3-BF4B-00C04F79EFBC}") = "CStarterAdmin", "ServiceStarterAdmin\CStarterAdmin.csproj", "{39FD5D29-4674-4FC7-8746-FB536797AEE2}"
EndProject
Project("{FAE04EC0-301F-11D3-BF4B-00C04F79EFBC}") = "CStarter.Contracts", "ServiceStarter.Contracts\CStarter.Contracts.csproj", "{8D184D5A-ACD3-4CBE-B881-04455E89E67B}"
EndProject
Project("{FAE04EC0-301F-11D3-BF4B-00C04F79EFBC}") = "CStarterD.Contracts", "ServiceStarterd.Contracts\CStarterD.Contracts.csproj", "{DD426418-3A83-41CE-B072-8B81B61137E7}"
EndProject
Project("{2150E333-8FDC-42A3-9474-1A3956D46DE8}") = "Common", "Common", "{9544FF70-6948-40D8-A071-E9E8D56E5132}"
EndProject
Project("{2150E333-8FDC-42A3-9474-1A3956D46DE8}") = "SDK", "SDK", "{B5BB6520-5B56-4374-A6E3-A227924A9C0D}"
EndProject
Project("{2150E333-8FDC-42A3-9474-1A3956D46DE8}") = "CStarters", "CStarters", "{34065962-B233-4E66-A961-08D1D0D206B9}"
EndProject
Project("{2150E333-8FDC-42A3-9474-1A3956D46DE8}") = "CStarterAdmins", "CStarterAdmins", "{DDD55BB6-1C12-4180-B860-4B836158A815}"
EndProject
Project("{2150E333-8FDC-42A3-9474-1A3956D46DE8}") = "CStarterDs", "CStarterDs", "{1B4FC04B-C9FC-451E-B0BF-AFB274F5D174}"
EndProject
Project("{2150E333-8FDC-42A3-9474-1A3956D46DE8}") = "Samples", "Samples", "{42EAFD1D-1585-4758-A9E6-33FECB743887}"
EndProject
Project("{FAE04EC0-301F-11D3-BF4B-00C04F79EFBC}") = "CStarter.NormalServices", "CStarter.NormalServices\CStarter.NormalServices.csproj", "{B673BCEF-CEB2-4837-AA8E-B5767ECB28A0}"
EndProject
Project("{FAE04EC0-301F-11D3-BF4B-00C04F79EFBC}") = "CStarter.DependedOnService", "CStarter.DependedOnService\CStarter.DependedOnService.csproj", "{78F9ABB1-0BF2-4707-917B-AAEE177FC066}"
EndProject
Project("{FAE04EC0-301F-11D3-BF4B-00C04F79EFBC}") = "CStarter.Samples.Common", "CStarter.Samples.Common\CStarter.Samples.Common.csproj", "{22890000-2218-4A3A-9501-44E38F14F35F}"
EndProject
Project("{FAE04EC0-301F-11D3-BF4B-00C04F79EFBC}") = "CStarter.StartFailureService", "CStarter.StartFailureService\CStarter.StartFailureService.csproj", "{BA5B376C-2053-413F-9819-5D7BAB69069E}"
EndProject
Project("{FAE04EC0-301F-11D3-BF4B-00C04F79EFBC}") = "CStarter.RunFailureService", "CStarter.RunFailureService\CStarter.RunFailureService.csproj", "{2D8AE554-2142-4FD5-8C18-AE05E1688124}"
EndProject
Project("{FAE04EC0-301F-11D3-BF4B-00C04F79EFBC}") = "CStarter.ExitByCommandService", "CStarter.ExitByCommandService\CStarter.ExitByCommandService.csproj", "{364B7D77-4273-4534-8340-496BEEB544D1}"
EndProject
Project("{FAE04EC0-301F-11D3-BF4B-00C04F79EFBC}") = "CStarter.RestartOnErrorService", "CStarter.RestartOnErrorService\CStarter.RestartOnErrorService.csproj", "{8B3720DF-0CFF-4B71-98C9-E7991D117F53}"
EndProject
Global
	GlobalSection(SolutionConfigurationPlatforms) = preSolution
		Debug|Any CPU = Debug|Any CPU
		Release|Any CPU = Release|Any CPU
		Test|Any CPU = Test|Any CPU
	EndGlobalSection
	GlobalSection(ProjectConfigurationPlatforms) = postSolution
		{14CC9BDE-5C81-4A57-81AD-52AFACA929EE}.Debug|Any CPU.ActiveCfg = Debug|Any CPU
		{14CC9BDE-5C81-4A57-81AD-52AFACA929EE}.Debug|Any CPU.Build.0 = Debug|Any CPU
		{14CC9BDE-5C81-4A57-81AD-52AFACA929EE}.Release|Any CPU.ActiveCfg = Release|Any CPU
		{14CC9BDE-5C81-4A57-81AD-52AFACA929EE}.Release|Any CPU.Build.0 = Release|Any CPU
		{14CC9BDE-5C81-4A57-81AD-52AFACA929EE}.Test|Any CPU.ActiveCfg = Test|Any CPU
		{14CC9BDE-5C81-4A57-81AD-52AFACA929EE}.Test|Any CPU.Build.0 = Test|Any CPU
		{948885EC-D95C-41EF-B372-E1037F74DA23}.Debug|Any CPU.ActiveCfg = Debug|Any CPU
		{948885EC-D95C-41EF-B372-E1037F74DA23}.Debug|Any CPU.Build.0 = Debug|Any CPU
		{948885EC-D95C-41EF-B372-E1037F74DA23}.Release|Any CPU.ActiveCfg = Release|Any CPU
		{948885EC-D95C-41EF-B372-E1037F74DA23}.Release|Any CPU.Build.0 = Release|Any CPU
		{948885EC-D95C-41EF-B372-E1037F74DA23}.Test|Any CPU.ActiveCfg = Test|Any CPU
		{948885EC-D95C-41EF-B372-E1037F74DA23}.Test|Any CPU.Build.0 = Test|Any CPU
		{07D7ABD0-A981-46D1-B9D2-CD51959F64BA}.Debug|Any CPU.ActiveCfg = Debug|Any CPU
		{07D7ABD0-A981-46D1-B9D2-CD51959F64BA}.Debug|Any CPU.Build.0 = Debug|Any CPU
		{07D7ABD0-A981-46D1-B9D2-CD51959F64BA}.Release|Any CPU.ActiveCfg = Release|Any CPU
		{07D7ABD0-A981-46D1-B9D2-CD51959F64BA}.Release|Any CPU.Build.0 = Release|Any CPU
		{07D7ABD0-A981-46D1-B9D2-CD51959F64BA}.Test|Any CPU.ActiveCfg = Test|Any CPU
		{07D7ABD0-A981-46D1-B9D2-CD51959F64BA}.Test|Any CPU.Build.0 = Test|Any CPU
		{DFBC072F-8CDB-4C0E-BCBC-454D56239AA1}.Debug|Any CPU.ActiveCfg = Debug|Any CPU
		{DFBC072F-8CDB-4C0E-BCBC-454D56239AA1}.Debug|Any CPU.Build.0 = Debug|Any CPU
		{DFBC072F-8CDB-4C0E-BCBC-454D56239AA1}.Release|Any CPU.ActiveCfg = Release|Any CPU
		{DFBC072F-8CDB-4C0E-BCBC-454D56239AA1}.Release|Any CPU.Build.0 = Release|Any CPU
		{DFBC072F-8CDB-4C0E-BCBC-454D56239AA1}.Test|Any CPU.ActiveCfg = Test|Any CPU
		{DFBC072F-8CDB-4C0E-BCBC-454D56239AA1}.Test|Any CPU.Build.0 = Test|Any CPU
		{0BE8E0D5-17ED-47B9-B1B8-43C4CFC8D021}.Debug|Any CPU.ActiveCfg = Debug|Any CPU
		{0BE8E0D5-17ED-47B9-B1B8-43C4CFC8D021}.Debug|Any CPU.Build.0 = Debug|Any CPU
		{0BE8E0D5-17ED-47B9-B1B8-43C4CFC8D021}.Release|Any CPU.ActiveCfg = Release|Any CPU
		{0BE8E0D5-17ED-47B9-B1B8-43C4CFC8D021}.Release|Any CPU.Build.0 = Release|Any CPU
		{0BE8E0D5-17ED-47B9-B1B8-43C4CFC8D021}.Test|Any CPU.ActiveCfg = Test|Any CPU
		{0BE8E0D5-17ED-47B9-B1B8-43C4CFC8D021}.Test|Any CPU.Build.0 = Test|Any CPU
		{65DA1447-9696-4D67-BC6C-A4AAA1354A9F}.Debug|Any CPU.ActiveCfg = Debug|Any CPU
		{65DA1447-9696-4D67-BC6C-A4AAA1354A9F}.Debug|Any CPU.Build.0 = Debug|Any CPU
		{65DA1447-9696-4D67-BC6C-A4AAA1354A9F}.Release|Any CPU.ActiveCfg = Release|Any CPU
		{65DA1447-9696-4D67-BC6C-A4AAA1354A9F}.Release|Any CPU.Build.0 = Release|Any CPU
		{65DA1447-9696-4D67-BC6C-A4AAA1354A9F}.Test|Any CPU.ActiveCfg = Test|Any CPU
		{65DA1447-9696-4D67-BC6C-A4AAA1354A9F}.Test|Any CPU.Build.0 = Test|Any CPU
		{7C7D8E11-CCC3-4DE9-BEB0-262071D11E7B}.Debug|Any CPU.ActiveCfg = Debug|Any CPU
		{7C7D8E11-CCC3-4DE9-BEB0-262071D11E7B}.Debug|Any CPU.Build.0 = Debug|Any CPU
		{7C7D8E11-CCC3-4DE9-BEB0-262071D11E7B}.Release|Any CPU.ActiveCfg = Release|Any CPU
		{7C7D8E11-CCC3-4DE9-BEB0-262071D11E7B}.Release|Any CPU.Build.0 = Release|Any CPU
		{7C7D8E11-CCC3-4DE9-BEB0-262071D11E7B}.Test|Any CPU.ActiveCfg = Test|Any CPU
		{7C7D8E11-CCC3-4DE9-BEB0-262071D11E7B}.Test|Any CPU.Build.0 = Test|Any CPU
		{39FD5D29-4674-4FC7-8746-FB536797AEE2}.Debug|Any CPU.ActiveCfg = Debug|Any CPU
		{39FD5D29-4674-4FC7-8746-FB536797AEE2}.Debug|Any CPU.Build.0 = Debug|Any CPU
		{39FD5D29-4674-4FC7-8746-FB536797AEE2}.Release|Any CPU.ActiveCfg = Release|Any CPU
		{39FD5D29-4674-4FC7-8746-FB536797AEE2}.Release|Any CPU.Build.0 = Release|Any CPU
		{39FD5D29-4674-4FC7-8746-FB536797AEE2}.Test|Any CPU.ActiveCfg = Test|Any CPU
		{39FD5D29-4674-4FC7-8746-FB536797AEE2}.Test|Any CPU.Build.0 = Test|Any CPU
		{8D184D5A-ACD3-4CBE-B881-04455E89E67B}.Debug|Any CPU.ActiveCfg = Debug|Any CPU
		{8D184D5A-ACD3-4CBE-B881-04455E89E67B}.Debug|Any CPU.Build.0 = Debug|Any CPU
		{8D184D5A-ACD3-4CBE-B881-04455E89E67B}.Release|Any CPU.ActiveCfg = Release|Any CPU
		{8D184D5A-ACD3-4CBE-B881-04455E89E67B}.Release|Any CPU.Build.0 = Release|Any CPU
		{8D184D5A-ACD3-4CBE-B881-04455E89E67B}.Test|Any CPU.ActiveCfg = Test|Any CPU
		{8D184D5A-ACD3-4CBE-B881-04455E89E67B}.Test|Any CPU.Build.0 = Test|Any CPU
		{DD426418-3A83-41CE-B072-8B81B61137E7}.Debug|Any CPU.ActiveCfg = Debug|Any CPU
		{DD426418-3A83-41CE-B072-8B81B61137E7}.Debug|Any CPU.Build.0 = Debug|Any CPU
		{DD426418-3A83-41CE-B072-8B81B61137E7}.Release|Any CPU.ActiveCfg = Release|Any CPU
		{DD426418-3A83-41CE-B072-8B81B61137E7}.Release|Any CPU.Build.0 = Release|Any CPU
		{DD426418-3A83-41CE-B072-8B81B61137E7}.Test|Any CPU.ActiveCfg = Test|Any CPU
		{DD426418-3A83-41CE-B072-8B81B61137E7}.Test|Any CPU.Build.0 = Test|Any CPU
		{B673BCEF-CEB2-4837-AA8E-B5767ECB28A0}.Debug|Any CPU.ActiveCfg = Debug|Any CPU
		{B673BCEF-CEB2-4837-AA8E-B5767ECB28A0}.Debug|Any CPU.Build.0 = Debug|Any CPU
		{B673BCEF-CEB2-4837-AA8E-B5767ECB28A0}.Release|Any CPU.ActiveCfg = Release|Any CPU
		{B673BCEF-CEB2-4837-AA8E-B5767ECB28A0}.Release|Any CPU.Build.0 = Release|Any CPU
		{B673BCEF-CEB2-4837-AA8E-B5767ECB28A0}.Test|Any CPU.ActiveCfg = Test|Any CPU
		{B673BCEF-CEB2-4837-AA8E-B5767ECB28A0}.Test|Any CPU.Build.0 = Test|Any CPU
		{78F9ABB1-0BF2-4707-917B-AAEE177FC066}.Debug|Any CPU.ActiveCfg = Debug|Any CPU
		{78F9ABB1-0BF2-4707-917B-AAEE177FC066}.Debug|Any CPU.Build.0 = Debug|Any CPU
		{78F9ABB1-0BF2-4707-917B-AAEE177FC066}.Release|Any CPU.ActiveCfg = Release|Any CPU
		{78F9ABB1-0BF2-4707-917B-AAEE177FC066}.Release|Any CPU.Build.0 = Release|Any CPU
		{78F9ABB1-0BF2-4707-917B-AAEE177FC066}.Test|Any CPU.ActiveCfg = Release|Any CPU
		{78F9ABB1-0BF2-4707-917B-AAEE177FC066}.Test|Any CPU.Build.0 = Release|Any CPU
		{22890000-2218-4A3A-9501-44E38F14F35F}.Debug|Any CPU.ActiveCfg = Debug|Any CPU
		{22890000-2218-4A3A-9501-44E38F14F35F}.Debug|Any CPU.Build.0 = Debug|Any CPU
		{22890000-2218-4A3A-9501-44E38F14F35F}.Release|Any CPU.ActiveCfg = Release|Any CPU
		{22890000-2218-4A3A-9501-44E38F14F35F}.Release|Any CPU.Build.0 = Release|Any CPU
		{22890000-2218-4A3A-9501-44E38F14F35F}.Test|Any CPU.ActiveCfg = Release|Any CPU
		{22890000-2218-4A3A-9501-44E38F14F35F}.Test|Any CPU.Build.0 = Release|Any CPU
		{BA5B376C-2053-413F-9819-5D7BAB69069E}.Debug|Any CPU.ActiveCfg = Debug|Any CPU
		{BA5B376C-2053-413F-9819-5D7BAB69069E}.Debug|Any CPU.Build.0 = Debug|Any CPU
		{BA5B376C-2053-413F-9819-5D7BAB69069E}.Release|Any CPU.ActiveCfg = Release|Any CPU
		{BA5B376C-2053-413F-9819-5D7BAB69069E}.Release|Any CPU.Build.0 = Release|Any CPU
		{BA5B376C-2053-413F-9819-5D7BAB69069E}.Test|Any CPU.ActiveCfg = Release|Any CPU
		{BA5B376C-2053-413F-9819-5D7BAB69069E}.Test|Any CPU.Build.0 = Release|Any CPU
		{2D8AE554-2142-4FD5-8C18-AE05E1688124}.Debug|Any CPU.ActiveCfg = Debug|Any CPU
		{2D8AE554-2142-4FD5-8C18-AE05E1688124}.Debug|Any CPU.Build.0 = Debug|Any CPU
		{2D8AE554-2142-4FD5-8C18-AE05E1688124}.Release|Any CPU.ActiveCfg = Release|Any CPU
		{2D8AE554-2142-4FD5-8C18-AE05E1688124}.Release|Any CPU.Build.0 = Release|Any CPU
		{2D8AE554-2142-4FD5-8C18-AE05E1688124}.Test|Any CPU.ActiveCfg = Release|Any CPU
		{2D8AE554-2142-4FD5-8C18-AE05E1688124}.Test|Any CPU.Build.0 = Release|Any CPU
		{364B7D77-4273-4534-8340-496BEEB544D1}.Debug|Any CPU.ActiveCfg = Debug|Any CPU
		{364B7D77-4273-4534-8340-496BEEB544D1}.Debug|Any CPU.Build.0 = Debug|Any CPU
		{364B7D77-4273-4534-8340-496BEEB544D1}.Release|Any CPU.ActiveCfg = Release|Any CPU
		{364B7D77-4273-4534-8340-496BEEB544D1}.Release|Any CPU.Build.0 = Release|Any CPU
		{364B7D77-4273-4534-8340-496BEEB544D1}.Test|Any CPU.ActiveCfg = Release|Any CPU
		{364B7D77-4273-4534-8340-496BEEB544D1}.Test|Any CPU.Build.0 = Release|Any CPU
		{8B3720DF-0CFF-4B71-98C9-E7991D117F53}.Debug|Any CPU.ActiveCfg = Debug|Any CPU
		{8B3720DF-0CFF-4B71-98C9-E7991D117F53}.Debug|Any CPU.Build.0 = Debug|Any CPU
		{8B3720DF-0CFF-4B71-98C9-E7991D117F53}.Release|Any CPU.ActiveCfg = Release|Any CPU
		{8B3720DF-0CFF-4B71-98C9-E7991D117F53}.Release|Any CPU.Build.0 = Release|Any CPU
		{8B3720DF-0CFF-4B71-98C9-E7991D117F53}.Test|Any CPU.ActiveCfg = Release|Any CPU
		{8B3720DF-0CFF-4B71-98C9-E7991D117F53}.Test|Any CPU.Build.0 = Release|Any CPU
	EndGlobalSection
	GlobalSection(SolutionProperties) = preSolution
		HideSolutionNode = FALSE
	EndGlobalSection
	GlobalSection(NestedProjects) = preSolution
		{14CC9BDE-5C81-4A57-81AD-52AFACA929EE} = {B5BB6520-5B56-4374-A6E3-A227924A9C0D}
		{948885EC-D95C-41EF-B372-E1037F74DA23} = {34065962-B233-4E66-A961-08D1D0D206B9}
		{07D7ABD0-A981-46D1-B9D2-CD51959F64BA} = {9544FF70-6948-40D8-A071-E9E8D56E5132}
		{DFBC072F-8CDB-4C0E-BCBC-454D56239AA1} = {9544FF70-6948-40D8-A071-E9E8D56E5132}
		{0BE8E0D5-17ED-47B9-B1B8-43C4CFC8D021} = {1B4FC04B-C9FC-451E-B0BF-AFB274F5D174}
		{65DA1447-9696-4D67-BC6C-A4AAA1354A9F} = {9544FF70-6948-40D8-A071-E9E8D56E5132}
		{7C7D8E11-CCC3-4DE9-BEB0-262071D11E7B} = {1B4FC04B-C9FC-451E-B0BF-AFB274F5D174}
		{39FD5D29-4674-4FC7-8746-FB536797AEE2} = {DDD55BB6-1C12-4180-B860-4B836158A815}
		{8D184D5A-ACD3-4CBE-B881-04455E89E67B} = {34065962-B233-4E66-A961-08D1D0D206B9}
		{DD426418-3A83-41CE-B072-8B81B61137E7} = {1B4FC04B-C9FC-451E-B0BF-AFB274F5D174}
		{B673BCEF-CEB2-4837-AA8E-B5767ECB28A0} = {42EAFD1D-1585-4758-A9E6-33FECB743887}
		{78F9ABB1-0BF2-4707-917B-AAEE177FC066} = {42EAFD1D-1585-4758-A9E6-33FECB743887}
		{22890000-2218-4A3A-9501-44E38F14F35F} = {42EAFD1D-1585-4758-A9E6-33FECB743887}
		{BA5B376C-2053-413F-9819-5D7BAB69069E} = {42EAFD1D-1585-4758-A9E6-33FECB743887}
		{2D8AE554-2142-4FD5-8C18-AE05E1688124} = {42EAFD1D-1585-4758-A9E6-33FECB743887}
		{364B7D77-4273-4534-8340-496BEEB544D1} = {42EAFD1D-1585-4758-A9E6-33FECB743887}
		{8B3720DF-0CFF-4B71-98C9-E7991D117F53} = {42EAFD1D-1585-4758-A9E6-33FECB743887}
	EndGlobalSection
EndGlobal
